
Microsoft Visual Studio Solution File, Format Version 12.00
# Visual Studio Version 17
VisualStudioVersion = 17.14.36408.4
MinimumVisualStudioVersion = 10.0.40219.1
Project("{2150E333-8FDC-42A3-9474-1A3956D46DE8}") = "Solution Items", "Solution Items", "{6F8F759D-3A8F-403E-A08B-848BA9656D97}"
	ProjectSection(SolutionItems) = preProject
		.gitignore = .gitignore
	EndProjectSection
EndProject
Project("{2150E333-8FDC-42A3-9474-1A3956D46DE8}") = "src", "src", "{827E0CD3-B72D-47B6-A68D-7590B98EB39B}"
EndProject
Project("{FAE04EC0-301F-11D3-BF4B-00C04F79EFBC}") = "Rca.Core", "src\Rca.Core\Rca.Core.csproj", "{021F4285-91FF-4221-A95B-50DB0B81E6C9}"
EndProject
Project("{FAE04EC0-301F-11D3-BF4B-00C04F79EFBC}") = "Rca.UI", "src\Rca.UI\Rca.UI.csproj", "{6475FA67-6445-492C-86AC-027DD886B4CE}"
EndProject
Project("{FAE04EC0-301F-11D3-BF4B-00C04F79EFBC}") = "Rca.Network", "src\Rca.Network\Rca.Network.csproj", "{16EC6D4F-6C2E-4ECB-A7B8-6A0503CFAFDE}"
EndProject
Project("{FAE04EC0-301F-11D3-BF4B-00C04F79EFBC}") = "Rca.Contracts", "src\Rca.Contracts\Rca.Contracts.csproj", "{8E0AC3AC-2D10-4085-8CF9-BD085D4C039D}"
EndProject
Global
	GlobalSection(SolutionConfigurationPlatforms) = preSolution
		Debug R21|Any CPU = Debug R21|Any CPU
		Debug R21|x64 = Debug R21|x64
		Debug R21|x86 = Debug R21|x86
		Debug R22|Any CPU = Debug R22|Any CPU
		Debug R22|x64 = Debug R22|x64
		Debug R22|x86 = Debug R22|x86
		Debug R23|Any CPU = Debug R23|Any CPU
		Debug R23|x64 = Debug R23|x64
		Debug R23|x86 = Debug R23|x86
		Debug R24|Any CPU = Debug R24|Any CPU
		Debug R24|x64 = Debug R24|x64
		Debug R24|x86 = Debug R24|x86
		Debug R25|Any CPU = Debug R25|Any CPU
		Debug R25|x64 = Debug R25|x64
		Debug R25|x86 = Debug R25|x86
		Debug R26|Any CPU = Debug R26|Any CPU
		Debug R26|x64 = Debug R26|x64
		Debug R26|x86 = Debug R26|x86
		Debug|Any CPU = Debug|Any CPU
		Debug|x64 = Debug|x64
		Debug|x86 = Debug|x86
		Release R21|Any CPU = Release R21|Any CPU
		Release R21|x64 = Release R21|x64
		Release R21|x86 = Release R21|x86
		Release R22|Any CPU = Release R22|Any CPU
		Release R22|x64 = Release R22|x64
		Release R22|x86 = Release R22|x86
		Release R23|Any CPU = Release R23|Any CPU
		Release R23|x64 = Release R23|x64
		Release R23|x86 = Release R23|x86
		Release R24|Any CPU = Release R24|Any CPU
		Release R24|x64 = Release R24|x64
		Release R24|x86 = Release R24|x86
		Release R25|Any CPU = Release R25|Any CPU
		Release R25|x64 = Release R25|x64
		Release R25|x86 = Release R25|x86
		Release R26|Any CPU = Release R26|Any CPU
		Release R26|x64 = Release R26|x64
		Release R26|x86 = Release R26|x86
		Release|Any CPU = Release|Any CPU
		Release|x64 = Release|x64
		Release|x86 = Release|x86
	EndGlobalSection
	GlobalSection(ProjectConfigurationPlatforms) = postSolution
		{021F4285-91FF-4221-A95B-50DB0B81E6C9}.Debug R21|Any CPU.ActiveCfg = Debug|Any CPU
		{021F4285-91FF-4221-A95B-50DB0B81E6C9}.Debug R21|Any CPU.Build.0 = Debug|Any CPU
		{021F4285-91FF-4221-A95B-50DB0B81E6C9}.Debug R21|x64.ActiveCfg = Debug|Any CPU
		{021F4285-91FF-4221-A95B-50DB0B81E6C9}.Debug R21|x64.Build.0 = Debug|Any CPU
		{021F4285-91FF-4221-A95B-50DB0B81E6C9}.Debug R21|x86.ActiveCfg = Debug|Any CPU
		{021F4285-91FF-4221-A95B-50DB0B81E6C9}.Debug R21|x86.Build.0 = Debug|Any CPU
		{021F4285-91FF-4221-A95B-50DB0B81E6C9}.Debug R22|Any CPU.ActiveCfg = Debug|Any CPU
		{021F4285-91FF-4221-A95B-50DB0B81E6C9}.Debug R22|Any CPU.Build.0 = Debug|Any CPU
		{021F4285-91FF-4221-A95B-50DB0B81E6C9}.Debug R22|x64.ActiveCfg = Debug|Any CPU
		{021F4285-91FF-4221-A95B-50DB0B81E6C9}.Debug R22|x64.Build.0 = Debug|Any CPU
		{021F4285-91FF-4221-A95B-50DB0B81E6C9}.Debug R22|x86.ActiveCfg = Debug|Any CPU
		{021F4285-91FF-4221-A95B-50DB0B81E6C9}.Debug R22|x86.Build.0 = Debug|Any CPU
		{021F4285-91FF-4221-A95B-50DB0B81E6C9}.Debug R23|Any CPU.ActiveCfg = Debug|Any CPU
		{021F4285-91FF-4221-A95B-50DB0B81E6C9}.Debug R23|Any CPU.Build.0 = Debug|Any CPU
		{021F4285-91FF-4221-A95B-50DB0B81E6C9}.Debug R23|x64.ActiveCfg = Debug|Any CPU
		{021F4285-91FF-4221-A95B-50DB0B81E6C9}.Debug R23|x64.Build.0 = Debug|Any CPU
		{021F4285-91FF-4221-A95B-50DB0B81E6C9}.Debug R23|x86.ActiveCfg = Debug|Any CPU
		{021F4285-91FF-4221-A95B-50DB0B81E6C9}.Debug R23|x86.Build.0 = Debug|Any CPU
		{021F4285-91FF-4221-A95B-50DB0B81E6C9}.Debug R24|Any CPU.ActiveCfg = Debug|Any CPU
		{021F4285-91FF-4221-A95B-50DB0B81E6C9}.Debug R24|Any CPU.Build.0 = Debug|Any CPU
		{021F4285-91FF-4221-A95B-50DB0B81E6C9}.Debug R24|x64.ActiveCfg = Debug|Any CPU
		{021F4285-91FF-4221-A95B-50DB0B81E6C9}.Debug R24|x64.Build.0 = Debug|Any CPU
		{021F4285-91FF-4221-A95B-50DB0B81E6C9}.Debug R24|x86.ActiveCfg = Debug|Any CPU
		{021F4285-91FF-4221-A95B-50DB0B81E6C9}.Debug R24|x86.Build.0 = Debug|Any CPU
		{021F4285-91FF-4221-A95B-50DB0B81E6C9}.Debug R25|Any CPU.ActiveCfg = Debug|Any CPU
		{021F4285-91FF-4221-A95B-50DB0B81E6C9}.Debug R25|Any CPU.Build.0 = Debug|Any CPU
		{021F4285-91FF-4221-A95B-50DB0B81E6C9}.Debug R25|x64.ActiveCfg = Debug|Any CPU
		{021F4285-91FF-4221-A95B-50DB0B81E6C9}.Debug R25|x64.Build.0 = Debug|Any CPU
		{021F4285-91FF-4221-A95B-50DB0B81E6C9}.Debug R25|x86.ActiveCfg = Debug|Any CPU
		{021F4285-91FF-4221-A95B-50DB0B81E6C9}.Debug R25|x86.Build.0 = Debug|Any CPU
		{021F4285-91FF-4221-A95B-50DB0B81E6C9}.Debug R26|Any CPU.ActiveCfg = Debug|Any CPU
		{021F4285-91FF-4221-A95B-50DB0B81E6C9}.Debug R26|Any CPU.Build.0 = Debug|Any CPU
		{021F4285-91FF-4221-A95B-50DB0B81E6C9}.Debug R26|x64.ActiveCfg = Debug|Any CPU
		{021F4285-91FF-4221-A95B-50DB0B81E6C9}.Debug R26|x64.Build.0 = Debug|Any CPU
		{021F4285-91FF-4221-A95B-50DB0B81E6C9}.Debug R26|x86.ActiveCfg = Debug|Any CPU
		{021F4285-91FF-4221-A95B-50DB0B81E6C9}.Debug R26|x86.Build.0 = Debug|Any CPU
		{021F4285-91FF-4221-A95B-50DB0B81E6C9}.Debug|Any CPU.ActiveCfg = Debug|Any CPU
		{021F4285-91FF-4221-A95B-50DB0B81E6C9}.Debug|Any CPU.Build.0 = Debug|Any CPU
		{021F4285-91FF-4221-A95B-50DB0B81E6C9}.Debug|x64.ActiveCfg = Debug|Any CPU
		{021F4285-91FF-4221-A95B-50DB0B81E6C9}.Debug|x64.Build.0 = Debug|Any CPU
		{021F4285-91FF-4221-A95B-50DB0B81E6C9}.Debug|x86.ActiveCfg = Debug|Any CPU
		{021F4285-91FF-4221-A95B-50DB0B81E6C9}.Debug|x86.Build.0 = Debug|Any CPU
		{021F4285-91FF-4221-A95B-50DB0B81E6C9}.Release R21|Any CPU.ActiveCfg = Debug|Any CPU
		{021F4285-91FF-4221-A95B-50DB0B81E6C9}.Release R21|Any CPU.Build.0 = Debug|Any CPU
		{021F4285-91FF-4221-A95B-50DB0B81E6C9}.Release R21|x64.ActiveCfg = Debug|Any CPU
		{021F4285-91FF-4221-A95B-50DB0B81E6C9}.Release R21|x64.Build.0 = Debug|Any CPU
		{021F4285-91FF-4221-A95B-50DB0B81E6C9}.Release R21|x86.ActiveCfg = Debug|Any CPU
		{021F4285-91FF-4221-A95B-50DB0B81E6C9}.Release R21|x86.Build.0 = Debug|Any CPU
		{021F4285-91FF-4221-A95B-50DB0B81E6C9}.Release R22|Any CPU.ActiveCfg = Debug|Any CPU
		{021F4285-91FF-4221-A95B-50DB0B81E6C9}.Release R22|Any CPU.Build.0 = Debug|Any CPU
		{021F4285-91FF-4221-A95B-50DB0B81E6C9}.Release R22|x64.ActiveCfg = Debug|Any CPU
		{021F4285-91FF-4221-A95B-50DB0B81E6C9}.Release R22|x64.Build.0 = Debug|Any CPU
		{021F4285-91FF-4221-A95B-50DB0B81E6C9}.Release R22|x86.ActiveCfg = Debug|Any CPU
		{021F4285-91FF-4221-A95B-50DB0B81E6C9}.Release R22|x86.Build.0 = Debug|Any CPU
		{021F4285-91FF-4221-A95B-50DB0B81E6C9}.Release R23|Any CPU.ActiveCfg = Debug|Any CPU
		{021F4285-91FF-4221-A95B-50DB0B81E6C9}.Release R23|Any CPU.Build.0 = Debug|Any CPU
		{021F4285-91FF-4221-A95B-50DB0B81E6C9}.Release R23|x64.ActiveCfg = Debug|Any CPU
		{021F4285-91FF-4221-A95B-50DB0B81E6C9}.Release R23|x64.Build.0 = Debug|Any CPU
		{021F4285-91FF-4221-A95B-50DB0B81E6C9}.Release R23|x86.ActiveCfg = Debug|Any CPU
		{021F4285-91FF-4221-A95B-50DB0B81E6C9}.Release R23|x86.Build.0 = Debug|Any CPU
		{021F4285-91FF-4221-A95B-50DB0B81E6C9}.Release R24|Any CPU.ActiveCfg = Debug|Any CPU
		{021F4285-91FF-4221-A95B-50DB0B81E6C9}.Release R24|Any CPU.Build.0 = Debug|Any CPU
		{021F4285-91FF-4221-A95B-50DB0B81E6C9}.Release R24|x64.ActiveCfg = Debug|Any CPU
		{021F4285-91FF-4221-A95B-50DB0B81E6C9}.Release R24|x64.Build.0 = Debug|Any CPU
		{021F4285-91FF-4221-A95B-50DB0B81E6C9}.Release R24|x86.ActiveCfg = Debug|Any CPU
		{021F4285-91FF-4221-A95B-50DB0B81E6C9}.Release R24|x86.Build.0 = Debug|Any CPU
		{021F4285-91FF-4221-A95B-50DB0B81E6C9}.Release R25|Any CPU.ActiveCfg = Debug|Any CPU
		{021F4285-91FF-4221-A95B-50DB0B81E6C9}.Release R25|Any CPU.Build.0 = Debug|Any CPU
		{021F4285-91FF-4221-A95B-50DB0B81E6C9}.Release R25|x64.ActiveCfg = Debug|Any CPU
		{021F4285-91FF-4221-A95B-50DB0B81E6C9}.Release R25|x64.Build.0 = Debug|Any CPU
		{021F4285-91FF-4221-A95B-50DB0B81E6C9}.Release R25|x86.ActiveCfg = Debug|Any CPU
		{021F4285-91FF-4221-A95B-50DB0B81E6C9}.Release R25|x86.Build.0 = Debug|Any CPU
		{021F4285-91FF-4221-A95B-50DB0B81E6C9}.Release R26|Any CPU.ActiveCfg = Debug|Any CPU
		{021F4285-91FF-4221-A95B-50DB0B81E6C9}.Release R26|Any CPU.Build.0 = Debug|Any CPU
		{021F4285-91FF-4221-A95B-50DB0B81E6C9}.Release R26|x64.ActiveCfg = Debug|Any CPU
		{021F4285-91FF-4221-A95B-50DB0B81E6C9}.Release R26|x64.Build.0 = Debug|Any CPU
		{021F4285-91FF-4221-A95B-50DB0B81E6C9}.Release R26|x86.ActiveCfg = Debug|Any CPU
		{021F4285-91FF-4221-A95B-50DB0B81E6C9}.Release R26|x86.Build.0 = Debug|Any CPU
		{021F4285-91FF-4221-A95B-50DB0B81E6C9}.Release|Any CPU.ActiveCfg = Release|Any CPU
		{021F4285-91FF-4221-A95B-50DB0B81E6C9}.Release|Any CPU.Build.0 = Release|Any CPU
		{021F4285-91FF-4221-A95B-50DB0B81E6C9}.Release|x64.ActiveCfg = Release|Any CPU
		{021F4285-91FF-4221-A95B-50DB0B81E6C9}.Release|x64.Build.0 = Release|Any CPU
		{021F4285-91FF-4221-A95B-50DB0B81E6C9}.Release|x86.ActiveCfg = Release|Any CPU
		{021F4285-91FF-4221-A95B-50DB0B81E6C9}.Release|x86.Build.0 = Release|Any CPU
		{6475FA67-6445-492C-86AC-027DD886B4CE}.Debug R21|Any CPU.ActiveCfg = Debug|Any CPU
		{6475FA67-6445-492C-86AC-027DD886B4CE}.Debug R21|Any CPU.Build.0 = Debug|Any CPU
		{6475FA67-6445-492C-86AC-027DD886B4CE}.Debug R21|x64.ActiveCfg = Debug|Any CPU
		{6475FA67-6445-492C-86AC-027DD886B4CE}.Debug R21|x64.Build.0 = Debug|Any CPU
		{6475FA67-6445-492C-86AC-027DD886B4CE}.Debug R21|x86.ActiveCfg = Debug|Any CPU
		{6475FA67-6445-492C-86AC-027DD886B4CE}.Debug R21|x86.Build.0 = Debug|Any CPU
		{6475FA67-6445-492C-86AC-027DD886B4CE}.Debug R22|Any CPU.ActiveCfg = Debug|Any CPU
		{6475FA67-6445-492C-86AC-027DD886B4CE}.Debug R22|Any CPU.Build.0 = Debug|Any CPU
		{6475FA67-6445-492C-86AC-027DD886B4CE}.Debug R22|x64.ActiveCfg = Debug|Any CPU
		{6475FA67-6445-492C-86AC-027DD886B4CE}.Debug R22|x64.Build.0 = Debug|Any CPU
		{6475FA67-6445-492C-86AC-027DD886B4CE}.Debug R22|x86.ActiveCfg = Debug|Any CPU
		{6475FA67-6445-492C-86AC-027DD886B4CE}.Debug R22|x86.Build.0 = Debug|Any CPU
		{6475FA67-6445-492C-86AC-027DD886B4CE}.Debug R23|Any CPU.ActiveCfg = Debug|Any CPU
		{6475FA67-6445-492C-86AC-027DD886B4CE}.Debug R23|Any CPU.Build.0 = Debug|Any CPU
		{6475FA67-6445-492C-86AC-027DD886B4CE}.Debug R23|x64.ActiveCfg = Debug|Any CPU
		{6475FA67-6445-492C-86AC-027DD886B4CE}.Debug R23|x64.Build.0 = Debug|Any CPU
		{6475FA67-6445-492C-86AC-027DD886B4CE}.Debug R23|x86.ActiveCfg = Debug|Any CPU
		{6475FA67-6445-492C-86AC-027DD886B4CE}.Debug R23|x86.Build.0 = Debug|Any CPU
		{6475FA67-6445-492C-86AC-027DD886B4CE}.Debug R24|Any CPU.ActiveCfg = Debug|Any CPU
		{6475FA67-6445-492C-86AC-027DD886B4CE}.Debug R24|Any CPU.Build.0 = Debug|Any CPU
		{6475FA67-6445-492C-86AC-027DD886B4CE}.Debug R24|x64.ActiveCfg = Debug|Any CPU
		{6475FA67-6445-492C-86AC-027DD886B4CE}.Debug R24|x64.Build.0 = Debug|Any CPU
		{6475FA67-6445-492C-86AC-027DD886B4CE}.Debug R24|x86.ActiveCfg = Debug|Any CPU
		{6475FA67-6445-492C-86AC-027DD886B4CE}.Debug R24|x86.Build.0 = Debug|Any CPU
		{6475FA67-6445-492C-86AC-027DD886B4CE}.Debug R25|Any CPU.ActiveCfg = Debug|Any CPU
		{6475FA67-6445-492C-86AC-027DD886B4CE}.Debug R25|Any CPU.Build.0 = Debug|Any CPU
		{6475FA67-6445-492C-86AC-027DD886B4CE}.Debug R25|x64.ActiveCfg = Debug|Any CPU
		{6475FA67-6445-492C-86AC-027DD886B4CE}.Debug R25|x64.Build.0 = Debug|Any CPU
		{6475FA67-6445-492C-86AC-027DD886B4CE}.Debug R25|x86.ActiveCfg = Debug|Any CPU
		{6475FA67-6445-492C-86AC-027DD886B4CE}.Debug R25|x86.Build.0 = Debug|Any CPU
		{6475FA67-6445-492C-86AC-027DD886B4CE}.Debug R26|Any CPU.ActiveCfg = Debug|Any CPU
		{6475FA67-6445-492C-86AC-027DD886B4CE}.Debug R26|Any CPU.Build.0 = Debug|Any CPU
		{6475FA67-6445-492C-86AC-027DD886B4CE}.Debug R26|x64.ActiveCfg = Debug|Any CPU
		{6475FA67-6445-492C-86AC-027DD886B4CE}.Debug R26|x64.Build.0 = Debug|Any CPU
		{6475FA67-6445-492C-86AC-027DD886B4CE}.Debug R26|x86.ActiveCfg = Debug|Any CPU
		{6475FA67-6445-492C-86AC-027DD886B4CE}.Debug R26|x86.Build.0 = Debug|Any CPU
		{6475FA67-6445-492C-86AC-027DD886B4CE}.Debug|Any CPU.ActiveCfg = Debug|Any CPU
		{6475FA67-6445-492C-86AC-027DD886B4CE}.Debug|Any CPU.Build.0 = Debug|Any CPU
		{6475FA67-6445-492C-86AC-027DD886B4CE}.Debug|x64.ActiveCfg = Debug|Any CPU
		{6475FA67-6445-492C-86AC-027DD886B4CE}.Debug|x64.Build.0 = Debug|Any CPU
		{6475FA67-6445-492C-86AC-027DD886B4CE}.Debug|x86.ActiveCfg = Debug|Any CPU
		{6475FA67-6445-492C-86AC-027DD886B4CE}.Debug|x86.Build.0 = Debug|Any CPU
		{6475FA67-6445-492C-86AC-027DD886B4CE}.Release R21|Any CPU.ActiveCfg = Debug|Any CPU
		{6475FA67-6445-492C-86AC-027DD886B4CE}.Release R21|Any CPU.Build.0 = Debug|Any CPU
		{6475FA67-6445-492C-86AC-027DD886B4CE}.Release R21|x64.ActiveCfg = Debug|Any CPU
		{6475FA67-6445-492C-86AC-027DD886B4CE}.Release R21|x64.Build.0 = Debug|Any CPU
		{6475FA67-6445-492C-86AC-027DD886B4CE}.Release R21|x86.ActiveCfg = Debug|Any CPU
		{6475FA67-6445-492C-86AC-027DD886B4CE}.Release R21|x86.Build.0 = Debug|Any CPU
		{6475FA67-6445-492C-86AC-027DD886B4CE}.Release R22|Any CPU.ActiveCfg = Debug|Any CPU
		{6475FA67-6445-492C-86AC-027DD886B4CE}.Release R22|Any CPU.Build.0 = Debug|Any CPU
		{6475FA67-6445-492C-86AC-027DD886B4CE}.Release R22|x64.ActiveCfg = Debug|Any CPU
		{6475FA67-6445-492C-86AC-027DD886B4CE}.Release R22|x64.Build.0 = Debug|Any CPU
		{6475FA67-6445-492C-86AC-027DD886B4CE}.Release R22|x86.ActiveCfg = Debug|Any CPU
		{6475FA67-6445-492C-86AC-027DD886B4CE}.Release R22|x86.Build.0 = Debug|Any CPU
		{6475FA67-6445-492C-86AC-027DD886B4CE}.Release R23|Any CPU.ActiveCfg = Debug|Any CPU
		{6475FA67-6445-492C-86AC-027DD886B4CE}.Release R23|Any CPU.Build.0 = Debug|Any CPU
		{6475FA67-6445-492C-86AC-027DD886B4CE}.Release R23|x64.ActiveCfg = Debug|Any CPU
		{6475FA67-6445-492C-86AC-027DD886B4CE}.Release R23|x64.Build.0 = Debug|Any CPU
		{6475FA67-6445-492C-86AC-027DD886B4CE}.Release R23|x86.ActiveCfg = Debug|Any CPU
		{6475FA67-6445-492C-86AC-027DD886B4CE}.Release R23|x86.Build.0 = Debug|Any CPU
		{6475FA67-6445-492C-86AC-027DD886B4CE}.Release R24|Any CPU.ActiveCfg = Debug|Any CPU
		{6475FA67-6445-492C-86AC-027DD886B4CE}.Release R24|Any CPU.Build.0 = Debug|Any CPU
		{6475FA67-6445-492C-86AC-027DD886B4CE}.Release R24|x64.ActiveCfg = Debug|Any CPU
		{6475FA67-6445-492C-86AC-027DD886B4CE}.Release R24|x64.Build.0 = Debug|Any CPU
		{6475FA67-6445-492C-86AC-027DD886B4CE}.Release R24|x86.ActiveCfg = Debug|Any CPU
		{6475FA67-6445-492C-86AC-027DD886B4CE}.Release R24|x86.Build.0 = Debug|Any CPU
		{6475FA67-6445-492C-86AC-027DD886B4CE}.Release R25|Any CPU.ActiveCfg = Debug|Any CPU
		{6475FA67-6445-492C-86AC-027DD886B4CE}.Release R25|Any CPU.Build.0 = Debug|Any CPU
		{6475FA67-6445-492C-86AC-027DD886B4CE}.Release R25|x64.ActiveCfg = Debug|Any CPU
		{6475FA67-6445-492C-86AC-027DD886B4CE}.Release R25|x64.Build.0 = Debug|Any CPU
		{6475FA67-6445-492C-86AC-027DD886B4CE}.Release R25|x86.ActiveCfg = Debug|Any CPU
		{6475FA67-6445-492C-86AC-027DD886B4CE}.Release R25|x86.Build.0 = Debug|Any CPU
		{6475FA67-6445-492C-86AC-027DD886B4CE}.Release R26|Any CPU.ActiveCfg = Debug|Any CPU
		{6475FA67-6445-492C-86AC-027DD886B4CE}.Release R26|Any CPU.Build.0 = Debug|Any CPU
		{6475FA67-6445-492C-86AC-027DD886B4CE}.Release R26|x64.ActiveCfg = Debug|Any CPU
		{6475FA67-6445-492C-86AC-027DD886B4CE}.Release R26|x64.Build.0 = Debug|Any CPU
		{6475FA67-6445-492C-86AC-027DD886B4CE}.Release R26|x86.ActiveCfg = Debug|Any CPU
		{6475FA67-6445-492C-86AC-027DD886B4CE}.Release R26|x86.Build.0 = Debug|Any CPU
		{6475FA67-6445-492C-86AC-027DD886B4CE}.Release|Any CPU.ActiveCfg = Release|Any CPU
		{6475FA67-6445-492C-86AC-027DD886B4CE}.Release|Any CPU.Build.0 = Release|Any CPU
		{6475FA67-6445-492C-86AC-027DD886B4CE}.Release|x64.ActiveCfg = Release|Any CPU
		{6475FA67-6445-492C-86AC-027DD886B4CE}.Release|x64.Build.0 = Release|Any CPU
		{6475FA67-6445-492C-86AC-027DD886B4CE}.Release|x86.ActiveCfg = Release|Any CPU
		{6475FA67-6445-492C-86AC-027DD886B4CE}.Release|x86.Build.0 = Release|Any CPU
		{16EC6D4F-6C2E-4ECB-A7B8-6A0503CFAFDE}.Debug R21|Any CPU.ActiveCfg = Debug|Any CPU
		{16EC6D4F-6C2E-4ECB-A7B8-6A0503CFAFDE}.Debug R21|Any CPU.Build.0 = Debug|Any CPU
		{16EC6D4F-6C2E-4ECB-A7B8-6A0503CFAFDE}.Debug R21|x64.ActiveCfg = Debug|Any CPU
		{16EC6D4F-6C2E-4ECB-A7B8-6A0503CFAFDE}.Debug R21|x64.Build.0 = Debug|Any CPU
		{16EC6D4F-6C2E-4ECB-A7B8-6A0503CFAFDE}.Debug R21|x86.ActiveCfg = Debug|Any CPU
		{16EC6D4F-6C2E-4ECB-A7B8-6A0503CFAFDE}.Debug R21|x86.Build.0 = Debug|Any CPU
		{16EC6D4F-6C2E-4ECB-A7B8-6A0503CFAFDE}.Debug R22|Any CPU.ActiveCfg = Debug|Any CPU
		{16EC6D4F-6C2E-4ECB-A7B8-6A0503CFAFDE}.Debug R22|Any CPU.Build.0 = Debug|Any CPU
		{16EC6D4F-6C2E-4ECB-A7B8-6A0503CFAFDE}.Debug R22|x64.ActiveCfg = Debug|Any CPU
		{16EC6D4F-6C2E-4ECB-A7B8-6A0503CFAFDE}.Debug R22|x64.Build.0 = Debug|Any CPU
		{16EC6D4F-6C2E-4ECB-A7B8-6A0503CFAFDE}.Debug R22|x86.ActiveCfg = Debug|Any CPU
		{16EC6D4F-6C2E-4ECB-A7B8-6A0503CFAFDE}.Debug R22|x86.Build.0 = Debug|Any CPU
		{16EC6D4F-6C2E-4ECB-A7B8-6A0503CFAFDE}.Debug R23|Any CPU.ActiveCfg = Debug|Any CPU
		{16EC6D4F-6C2E-4ECB-A7B8-6A0503CFAFDE}.Debug R23|Any CPU.Build.0 = Debug|Any CPU
		{16EC6D4F-6C2E-4ECB-A7B8-6A0503CFAFDE}.Debug R23|x64.ActiveCfg = Debug|Any CPU
		{16EC6D4F-6C2E-4ECB-A7B8-6A0503CFAFDE}.Debug R23|x64.Build.0 = Debug|Any CPU
		{16EC6D4F-6C2E-4ECB-A7B8-6A0503CFAFDE}.Debug R23|x86.ActiveCfg = Debug|Any CPU
		{16EC6D4F-6C2E-4ECB-A7B8-6A0503CFAFDE}.Debug R23|x86.Build.0 = Debug|Any CPU
		{16EC6D4F-6C2E-4ECB-A7B8-6A0503CFAFDE}.Debug R24|Any CPU.ActiveCfg = Debug|Any CPU
		{16EC6D4F-6C2E-4ECB-A7B8-6A0503CFAFDE}.Debug R24|Any CPU.Build.0 = Debug|Any CPU
		{16EC6D4F-6C2E-4ECB-A7B8-6A0503CFAFDE}.Debug R24|x64.ActiveCfg = Debug|Any CPU
		{16EC6D4F-6C2E-4ECB-A7B8-6A0503CFAFDE}.Debug R24|x64.Build.0 = Debug|Any CPU
		{16EC6D4F-6C2E-4ECB-A7B8-6A0503CFAFDE}.Debug R24|x86.ActiveCfg = Debug|Any CPU
		{16EC6D4F-6C2E-4ECB-A7B8-6A0503CFAFDE}.Debug R24|x86.Build.0 = Debug|Any CPU
		{16EC6D4F-6C2E-4ECB-A7B8-6A0503CFAFDE}.Debug R25|Any CPU.ActiveCfg = Debug|Any CPU
		{16EC6D4F-6C2E-4ECB-A7B8-6A0503CFAFDE}.Debug R25|Any CPU.Build.0 = Debug|Any CPU
		{16EC6D4F-6C2E-4ECB-A7B8-6A0503CFAFDE}.Debug R25|x64.ActiveCfg = Debug|Any CPU
		{16EC6D4F-6C2E-4ECB-A7B8-6A0503CFAFDE}.Debug R25|x64.Build.0 = Debug|Any CPU
		{16EC6D4F-6C2E-4ECB-A7B8-6A0503CFAFDE}.Debug R25|x86.ActiveCfg = Debug|Any CPU
		{16EC6D4F-6C2E-4ECB-A7B8-6A0503CFAFDE}.Debug R25|x86.Build.0 = Debug|Any CPU
		{16EC6D4F-6C2E-4ECB-A7B8-6A0503CFAFDE}.Debug R26|Any CPU.ActiveCfg = Debug|Any CPU
		{16EC6D4F-6C2E-4ECB-A7B8-6A0503CFAFDE}.Debug R26|Any CPU.Build.0 = Debug|Any CPU
		{16EC6D4F-6C2E-4ECB-A7B8-6A0503CFAFDE}.Debug R26|x64.ActiveCfg = Debug|Any CPU
		{16EC6D4F-6C2E-4ECB-A7B8-6A0503CFAFDE}.Debug R26|x64.Build.0 = Debug|Any CPU
		{16EC6D4F-6C2E-4ECB-A7B8-6A0503CFAFDE}.Debug R26|x86.ActiveCfg = Debug|Any CPU
		{16EC6D4F-6C2E-4ECB-A7B8-6A0503CFAFDE}.Debug R26|x86.Build.0 = Debug|Any CPU
		{16EC6D4F-6C2E-4ECB-A7B8-6A0503CFAFDE}.Debug|Any CPU.ActiveCfg = Debug|Any CPU
		{16EC6D4F-6C2E-4ECB-A7B8-6A0503CFAFDE}.Debug|Any CPU.Build.0 = Debug|Any CPU
		{16EC6D4F-6C2E-4ECB-A7B8-6A0503CFAFDE}.Debug|x64.ActiveCfg = Debug|Any CPU
		{16EC6D4F-6C2E-4ECB-A7B8-6A0503CFAFDE}.Debug|x64.Build.0 = Debug|Any CPU
		{16EC6D4F-6C2E-4ECB-A7B8-6A0503CFAFDE}.Debug|x86.ActiveCfg = Debug|Any CPU
		{16EC6D4F-6C2E-4ECB-A7B8-6A0503CFAFDE}.Debug|x86.Build.0 = Debug|Any CPU
		{16EC6D4F-6C2E-4ECB-A7B8-6A0503CFAFDE}.Release R21|Any CPU.ActiveCfg = Debug|Any CPU
		{16EC6D4F-6C2E-4ECB-A7B8-6A0503CFAFDE}.Release R21|Any CPU.Build.0 = Debug|Any CPU
		{16EC6D4F-6C2E-4ECB-A7B8-6A0503CFAFDE}.Release R21|x64.ActiveCfg = Debug|Any CPU
		{16EC6D4F-6C2E-4ECB-A7B8-6A0503CFAFDE}.Release R21|x64.Build.0 = Debug|Any CPU
		{16EC6D4F-6C2E-4ECB-A7B8-6A0503CFAFDE}.Release R21|x86.ActiveCfg = Debug|Any CPU
		{16EC6D4F-6C2E-4ECB-A7B8-6A0503CFAFDE}.Release R21|x86.Build.0 = Debug|Any CPU
		{16EC6D4F-6C2E-4ECB-A7B8-6A0503CFAFDE}.Release R22|Any CPU.ActiveCfg = Debug|Any CPU
		{16EC6D4F-6C2E-4ECB-A7B8-6A0503CFAFDE}.Release R22|Any CPU.Build.0 = Debug|Any CPU
		{16EC6D4F-6C2E-4ECB-A7B8-6A0503CFAFDE}.Release R22|x64.ActiveCfg = Debug|Any CPU
		{16EC6D4F-6C2E-4ECB-A7B8-6A0503CFAFDE}.Release R22|x64.Build.0 = Debug|Any CPU
		{16EC6D4F-6C2E-4ECB-A7B8-6A0503CFAFDE}.Release R22|x86.ActiveCfg = Debug|Any CPU
		{16EC6D4F-6C2E-4ECB-A7B8-6A0503CFAFDE}.Release R22|x86.Build.0 = Debug|Any CPU
		{16EC6D4F-6C2E-4ECB-A7B8-6A0503CFAFDE}.Release R23|Any CPU.ActiveCfg = Debug|Any CPU
		{16EC6D4F-6C2E-4ECB-A7B8-6A0503CFAFDE}.Release R23|Any CPU.Build.0 = Debug|Any CPU
		{16EC6D4F-6C2E-4ECB-A7B8-6A0503CFAFDE}.Release R23|x64.ActiveCfg = Debug|Any CPU
		{16EC6D4F-6C2E-4ECB-A7B8-6A0503CFAFDE}.Release R23|x64.Build.0 = Debug|Any CPU
		{16EC6D4F-6C2E-4ECB-A7B8-6A0503CFAFDE}.Release R23|x86.ActiveCfg = Debug|Any CPU
		{16EC6D4F-6C2E-4ECB-A7B8-6A0503CFAFDE}.Release R23|x86.Build.0 = Debug|Any CPU
		{16EC6D4F-6C2E-4ECB-A7B8-6A0503CFAFDE}.Release R24|Any CPU.ActiveCfg = Debug|Any CPU
		{16EC6D4F-6C2E-4ECB-A7B8-6A0503CFAFDE}.Release R24|Any CPU.Build.0 = Debug|Any CPU
		{16EC6D4F-6C2E-4ECB-A7B8-6A0503CFAFDE}.Release R24|x64.ActiveCfg = Debug|Any CPU
		{16EC6D4F-6C2E-4ECB-A7B8-6A0503CFAFDE}.Release R24|x64.Build.0 = Debug|Any CPU
		{16EC6D4F-6C2E-4ECB-A7B8-6A0503CFAFDE}.Release R24|x86.ActiveCfg = Debug|Any CPU
		{16EC6D4F-6C2E-4ECB-A7B8-6A0503CFAFDE}.Release R24|x86.Build.0 = Debug|Any CPU
		{16EC6D4F-6C2E-4ECB-A7B8-6A0503CFAFDE}.Release R25|Any CPU.ActiveCfg = Debug|Any CPU
		{16EC6D4F-6C2E-4ECB-A7B8-6A0503CFAFDE}.Release R25|Any CPU.Build.0 = Debug|Any CPU
		{16EC6D4F-6C2E-4ECB-A7B8-6A0503CFAFDE}.Release R25|x64.ActiveCfg = Debug|Any CPU
		{16EC6D4F-6C2E-4ECB-A7B8-6A0503CFAFDE}.Release R25|x64.Build.0 = Debug|Any CPU
		{16EC6D4F-6C2E-4ECB-A7B8-6A0503CFAFDE}.Release R25|x86.ActiveCfg = Debug|Any CPU
		{16EC6D4F-6C2E-4ECB-A7B8-6A0503CFAFDE}.Release R25|x86.Build.0 = Debug|Any CPU
		{16EC6D4F-6C2E-4ECB-A7B8-6A0503CFAFDE}.Release R26|Any CPU.ActiveCfg = Debug|Any CPU
		{16EC6D4F-6C2E-4ECB-A7B8-6A0503CFAFDE}.Release R26|Any CPU.Build.0 = Debug|Any CPU
		{16EC6D4F-6C2E-4ECB-A7B8-6A0503CFAFDE}.Release R26|x64.ActiveCfg = Debug|Any CPU
		{16EC6D4F-6C2E-4ECB-A7B8-6A0503CFAFDE}.Release R26|x64.Build.0 = Debug|Any CPU
		{16EC6D4F-6C2E-4ECB-A7B8-6A0503CFAFDE}.Release R26|x86.ActiveCfg = Debug|Any CPU
		{16EC6D4F-6C2E-4ECB-A7B8-6A0503CFAFDE}.Release R26|x86.Build.0 = Debug|Any CPU
		{16EC6D4F-6C2E-4ECB-A7B8-6A0503CFAFDE}.Release|Any CPU.ActiveCfg = Release|Any CPU
		{16EC6D4F-6C2E-4ECB-A7B8-6A0503CFAFDE}.Release|Any CPU.Build.0 = Release|Any CPU
		{16EC6D4F-6C2E-4ECB-A7B8-6A0503CFAFDE}.Release|x64.ActiveCfg = Release|Any CPU
		{16EC6D4F-6C2E-4ECB-A7B8-6A0503CFAFDE}.Release|x64.Build.0 = Release|Any CPU
		{16EC6D4F-6C2E-4ECB-A7B8-6A0503CFAFDE}.Release|x86.ActiveCfg = Release|Any CPU
		{16EC6D4F-6C2E-4ECB-A7B8-6A0503CFAFDE}.Release|x86.Build.0 = Release|Any CPU
		{8E0AC3AC-2D10-4085-8CF9-BD085D4C039D}.Debug R21|Any CPU.ActiveCfg = Debug|Any CPU
		{8E0AC3AC-2D10-4085-8CF9-BD085D4C039D}.Debug R21|Any CPU.Build.0 = Debug|Any CPU
		{8E0AC3AC-2D10-4085-8CF9-BD085D4C039D}.Debug R21|x64.ActiveCfg = Debug|Any CPU
		{8E0AC3AC-2D10-4085-8CF9-BD085D4C039D}.Debug R21|x64.Build.0 = Debug|Any CPU
		{8E0AC3AC-2D10-4085-8CF9-BD085D4C039D}.Debug R21|x86.ActiveCfg = Debug|Any CPU
		{8E0AC3AC-2D10-4085-8CF9-BD085D4C039D}.Debug R21|x86.Build.0 = Debug|Any CPU
		{8E0AC3AC-2D10-4085-8CF9-BD085D4C039D}.Debug R22|Any CPU.ActiveCfg = Debug|Any CPU
		{8E0AC3AC-2D10-4085-8CF9-BD085D4C039D}.Debug R22|Any CPU.Build.0 = Debug|Any CPU
		{8E0AC3AC-2D10-4085-8CF9-BD085D4C039D}.Debug R22|x64.ActiveCfg = Debug|Any CPU
		{8E0AC3AC-2D10-4085-8CF9-BD085D4C039D}.Debug R22|x64.Build.0 = Debug|Any CPU
		{8E0AC3AC-2D10-4085-8CF9-BD085D4C039D}.Debug R22|x86.ActiveCfg = Debug|Any CPU
		{8E0AC3AC-2D10-4085-8CF9-BD085D4C039D}.Debug R22|x86.Build.0 = Debug|Any CPU
		{8E0AC3AC-2D10-4085-8CF9-BD085D4C039D}.Debug R23|Any CPU.ActiveCfg = Debug|Any CPU
		{8E0AC3AC-2D10-4085-8CF9-BD085D4C039D}.Debug R23|Any CPU.Build.0 = Debug|Any CPU
		{8E0AC3AC-2D10-4085-8CF9-BD085D4C039D}.Debug R23|x64.ActiveCfg = Debug|Any CPU
		{8E0AC3AC-2D10-4085-8CF9-BD085D4C039D}.Debug R23|x64.Build.0 = Debug|Any CPU
		{8E0AC3AC-2D10-4085-8CF9-BD085D4C039D}.Debug R23|x86.ActiveCfg = Debug|Any CPU
		{8E0AC3AC-2D10-4085-8CF9-BD085D4C039D}.Debug R23|x86.Build.0 = Debug|Any CPU
		{8E0AC3AC-2D10-4085-8CF9-BD085D4C039D}.Debug R24|Any CPU.ActiveCfg = Debug|Any CPU
		{8E0AC3AC-2D10-4085-8CF9-BD085D4C039D}.Debug R24|Any CPU.Build.0 = Debug|Any CPU
		{8E0AC3AC-2D10-4085-8CF9-BD085D4C039D}.Debug R24|x64.ActiveCfg = Debug|Any CPU
		{8E0AC3AC-2D10-4085-8CF9-BD085D4C039D}.Debug R24|x64.Build.0 = Debug|Any CPU
		{8E0AC3AC-2D10-4085-8CF9-BD085D4C039D}.Debug R24|x86.ActiveCfg = Debug|Any CPU
		{8E0AC3AC-2D10-4085-8CF9-BD085D4C039D}.Debug R24|x86.Build.0 = Debug|Any CPU
		{8E0AC3AC-2D10-4085-8CF9-BD085D4C039D}.Debug R25|Any CPU.ActiveCfg = Debug|Any CPU
		{8E0AC3AC-2D10-4085-8CF9-BD085D4C039D}.Debug R25|Any CPU.Build.0 = Debug|Any CPU
		{8E0AC3AC-2D10-4085-8CF9-BD085D4C039D}.Debug R25|x64.ActiveCfg = Debug|Any CPU
		{8E0AC3AC-2D10-4085-8CF9-BD085D4C039D}.Debug R25|x64.Build.0 = Debug|Any CPU
		{8E0AC3AC-2D10-4085-8CF9-BD085D4C039D}.Debug R25|x86.ActiveCfg = Debug|Any CPU
		{8E0AC3AC-2D10-4085-8CF9-BD085D4C039D}.Debug R25|x86.Build.0 = Debug|Any CPU
		{8E0AC3AC-2D10-4085-8CF9-BD085D4C039D}.Debug R26|Any CPU.ActiveCfg = Debug|Any CPU
		{8E0AC3AC-2D10-4085-8CF9-BD085D4C039D}.Debug R26|Any CPU.Build.0 = Debug|Any CPU
		{8E0AC3AC-2D10-4085-8CF9-BD085D4C039D}.Debug R26|x64.ActiveCfg = Debug|Any CPU
		{8E0AC3AC-2D10-4085-8CF9-BD085D4C039D}.Debug R26|x64.Build.0 = Debug|Any CPU
		{8E0AC3AC-2D10-4085-8CF9-BD085D4C039D}.Debug R26|x86.ActiveCfg = Debug|Any CPU
		{8E0AC3AC-2D10-4085-8CF9-BD085D4C039D}.Debug R26|x86.Build.0 = Debug|Any CPU
		{8E0AC3AC-2D10-4085-8CF9-BD085D4C039D}.Debug|Any CPU.ActiveCfg = Debug|Any CPU
		{8E0AC3AC-2D10-4085-8CF9-BD085D4C039D}.Debug|Any CPU.Build.0 = Debug|Any CPU
		{8E0AC3AC-2D10-4085-8CF9-BD085D4C039D}.Debug|x64.ActiveCfg = Debug|Any CPU
		{8E0AC3AC-2D10-4085-8CF9-BD085D4C039D}.Debug|x64.Build.0 = Debug|Any CPU
		{8E0AC3AC-2D10-4085-8CF9-BD085D4C039D}.Debug|x86.ActiveCfg = Debug|Any CPU
		{8E0AC3AC-2D10-4085-8CF9-BD085D4C039D}.Debug|x86.Build.0 = Debug|Any CPU
		{8E0AC3AC-2D10-4085-8CF9-BD085D4C039D}.Release R21|Any CPU.ActiveCfg = Debug|Any CPU
		{8E0AC3AC-2D10-4085-8CF9-BD085D4C039D}.Release R21|Any CPU.Build.0 = Debug|Any CPU
		{8E0AC3AC-2D10-4085-8CF9-BD085D4C039D}.Release R21|x64.ActiveCfg = Debug|Any CPU
		{8E0AC3AC-2D10-4085-8CF9-BD085D4C039D}.Release R21|x64.Build.0 = Debug|Any CPU
		{8E0AC3AC-2D10-4085-8CF9-BD085D4C039D}.Release R21|x86.ActiveCfg = Debug|Any CPU
		{8E0AC3AC-2D10-4085-8CF9-BD085D4C039D}.Release R21|x86.Build.0 = Debug|Any CPU
		{8E0AC3AC-2D10-4085-8CF9-BD085D4C039D}.Release R22|Any CPU.ActiveCfg = Debug|Any CPU
		{8E0AC3AC-2D10-4085-8CF9-BD085D4C039D}.Release R22|Any CPU.Build.0 = Debug|Any CPU
		{8E0AC3AC-2D10-4085-8CF9-BD085D4C039D}.Release R22|x64.ActiveCfg = Debug|Any CPU
		{8E0AC3AC-2D10-4085-8CF9-BD085D4C039D}.Release R22|x64.Build.0 = Debug|Any CPU
		{8E0AC3AC-2D10-4085-8CF9-BD085D4C039D}.Release R22|x86.ActiveCfg = Debug|Any CPU
		{8E0AC3AC-2D10-4085-8CF9-BD085D4C039D}.Release R22|x86.Build.0 = Debug|Any CPU
		{8E0AC3AC-2D10-4085-8CF9-BD085D4C039D}.Release R23|Any CPU.ActiveCfg = Debug|Any CPU
		{8E0AC3AC-2D10-4085-8CF9-BD085D4C039D}.Release R23|Any CPU.Build.0 = Debug|Any CPU
		{8E0AC3AC-2D10-4085-8CF9-BD085D4C039D}.Release R23|x64.ActiveCfg = Debug|Any CPU
		{8E0AC3AC-2D10-4085-8CF9-BD085D4C039D}.Release R23|x64.Build.0 = Debug|Any CPU
		{8E0AC3AC-2D10-4085-8CF9-BD085D4C039D}.Release R23|x86.ActiveCfg = Debug|Any CPU
		{8E0AC3AC-2D10-4085-8CF9-BD085D4C039D}.Release R23|x86.Build.0 = Debug|Any CPU
		{8E0AC3AC-2D10-4085-8CF9-BD085D4C039D}.Release R24|Any CPU.ActiveCfg = Debug|Any CPU
		{8E0AC3AC-2D10-4085-8CF9-BD085D4C039D}.Release R24|Any CPU.Build.0 = Debug|Any CPU
		{8E0AC3AC-2D10-4085-8CF9-BD085D4C039D}.Release R24|x64.ActiveCfg = Debug|Any CPU
		{8E0AC3AC-2D10-4085-8CF9-BD085D4C039D}.Release R24|x64.Build.0 = Debug|Any CPU
		{8E0AC3AC-2D10-4085-8CF9-BD085D4C039D}.Release R24|x86.ActiveCfg = Debug|Any CPU
		{8E0AC3AC-2D10-4085-8CF9-BD085D4C039D}.Release R24|x86.Build.0 = Debug|Any CPU
		{8E0AC3AC-2D10-4085-8CF9-BD085D4C039D}.Release R25|Any CPU.ActiveCfg = Debug|Any CPU
		{8E0AC3AC-2D10-4085-8CF9-BD085D4C039D}.Release R25|Any CPU.Build.0 = Debug|Any CPU
		{8E0AC3AC-2D10-4085-8CF9-BD085D4C039D}.Release R25|x64.ActiveCfg = Debug|Any CPU
		{8E0AC3AC-2D10-4085-8CF9-BD085D4C039D}.Release R25|x64.Build.0 = Debug|Any CPU
		{8E0AC3AC-2D10-4085-8CF9-BD085D4C039D}.Release R25|x86.ActiveCfg = Debug|Any CPU
		{8E0AC3AC-2D10-4085-8CF9-BD085D4C039D}.Release R25|x86.Build.0 = Debug|Any CPU
		{8E0AC3AC-2D10-4085-8CF9-BD085D4C039D}.Release R26|Any CPU.ActiveCfg = Debug|Any CPU
		{8E0AC3AC-2D10-4085-8CF9-BD085D4C039D}.Release R26|Any CPU.Build.0 = Debug|Any CPU
		{8E0AC3AC-2D10-4085-8CF9-BD085D4C039D}.Release R26|x64.ActiveCfg = Debug|Any CPU
		{8E0AC3AC-2D10-4085-8CF9-BD085D4C039D}.Release R26|x64.Build.0 = Debug|Any CPU
		{8E0AC3AC-2D10-4085-8CF9-BD085D4C039D}.Release R26|x86.ActiveCfg = Debug|Any CPU
		{8E0AC3AC-2D10-4085-8CF9-BD085D4C039D}.Release R26|x86.Build.0 = Debug|Any CPU
		{8E0AC3AC-2D10-4085-8CF9-BD085D4C039D}.Release|Any CPU.ActiveCfg = Release|Any CPU
		{8E0AC3AC-2D10-4085-8CF9-BD085D4C039D}.Release|Any CPU.Build.0 = Release|Any CPU
		{8E0AC3AC-2D10-4085-8CF9-BD085D4C039D}.Release|x64.ActiveCfg = Release|Any CPU
		{8E0AC3AC-2D10-4085-8CF9-BD085D4C039D}.Release|x64.Build.0 = Release|Any CPU
		{8E0AC3AC-2D10-4085-8CF9-BD085D4C039D}.Release|x86.ActiveCfg = Release|Any CPU
		{8E0AC3AC-2D10-4085-8CF9-BD085D4C039D}.Release|x86.Build.0 = Release|Any CPU
	EndGlobalSection
	GlobalSection(SolutionProperties) = preSolution
		HideSolutionNode = FALSE
	EndGlobalSection
	GlobalSection(NestedProjects) = preSolution
		{021F4285-91FF-4221-A95B-50DB0B81E6C9} = {827E0CD3-B72D-47B6-A68D-7590B98EB39B}
		{6475FA67-6445-492C-86AC-027DD886B4CE} = {827E0CD3-B72D-47B6-A68D-7590B98EB39B}
		{16EC6D4F-6C2E-4ECB-A7B8-6A0503CFAFDE} = {827E0CD3-B72D-47B6-A68D-7590B98EB39B}
		{8E0AC3AC-2D10-4085-8CF9-BD085D4C039D} = {827E0CD3-B72D-47B6-A68D-7590B98EB39B}
	EndGlobalSection
	GlobalSection(ExtensibilityGlobals) = postSolution
		SolutionGuid = {7B9AA1B7-321D-4FFB-A0AE-95721DA963C5}
	EndGlobalSection
EndGlobal
