
Microsoft Visual Studio Solution File, Format Version 12.00
# Visual Studio Version 17
VisualStudioVersion = 17.14.36408.4
MinimumVisualStudioVersion = 10.0.40219.1
Project("{2150E333-8FDC-42A3-9474-1A3956D46DE8}") = "Solution Items", "Solution Items", "{6F8F759D-3A8F-403E-A08B-848BA9656D97}"
	ProjectSection(SolutionItems) = preProject
		.gitignore = .gitignore
	EndProjectSection
EndProject
Project("{FAE04EC0-301F-11D3-BF4B-00C04F79EFBC}") = "Rca.Contracts", "src\Rca.Contracts\Rca.Contracts.csproj", "{E1A2B3C4-D5E6-4F7A-8B9C-0D1E2F3A4B5C}"
EndProject
Project("{FAE04EC0-301F-11D3-BF4B-00C04F79EFBC}") = "Rca.Core", "src\Rca.Core\Rca.Core.csproj", "{F2B3C4D5-E6F7-4A8B-9C0D-1E2F3A4B5C6D}"
EndProject
Project("{FAE04EC0-301F-11D3-BF4B-00C04F79EFBC}") = "Rca.UI", "src\Rca.UI\Rca.UI.csproj", "{A3B4C5D6-E7F8-4B9C-0D1E-2F3A4B5C6D7E}"
EndProject
Project("{FAE04EC0-301F-11D3-BF4B-00C04F79EFBC}") = "Rca.Network", "src\Rca.Network\Rca.Network.csproj", "{B4C5D6E7-F8A9-4C0D-1E2F-3A4B5C6D7E8F}"
EndProject
Project("{FAE04EC0-301F-11D3-BF4B-00C04F79EFBC}") = "RcaPlugin", "src\RcaPlugin\RcaPlugin.csproj", "{C5D6E7F8-A9B0-4D1E-2F3A-4B5C6D7E8F9A}"
EndProject
Project("{2150E333-8FDC-42A3-9474-1A3956D46DE8}") = "src", "src", "{A83AA703-346E-414B-B998-D7E16BF99FF5}"
EndProject
Project("{FAE04EC0-301F-11D3-BF4B-00C04F79EFBC}") = "Rca.Contracts.Tests", "tests\Rca.Contracts.Tests\Rca.Contracts.Tests.csproj", "{46F2AD57-80B5-8774-310E-E56D74D57043}"
EndProject
Project("{FAE04EC0-301F-11D3-BF4B-00C04F79EFBC}") = "Rca.Core.Tests", "tests\Rca.Core.Tests\Rca.Core.Tests.csproj", "{891BE55A-EE4C-6157-51FA-1E2759FE92DA}"
EndProject
Project("{FAE04EC0-301F-11D3-BF4B-00C04F79EFBC}") = "Rca.Integration.Revit.Tests", "tests\Rca.Integration.Revit.Tests\Rca.Integration.Revit.Tests.csproj", "{905CE2C9-03B8-9564-16C4-70F21D37E7F8}"
EndProject
Project("{FAE04EC0-301F-11D3-BF4B-00C04F79EFBC}") = "Rca.Network.Tests", "tests\Rca.Network.Tests\Rca.Network.Tests.csproj", "{C033C155-6F03-7E9F-2221-512AABFDB657}"
EndProject
Project("{FAE04EC0-301F-11D3-BF4B-00C04F79EFBC}") = "Rca.UI.Tests", "tests\Rca.UI.Tests\Rca.UI.Tests.csproj", "{881AA55B-5FEC-13C6-4C39-81A27C6895DE}"
EndProject
Project("{FAE04EC0-301F-11D3-BF4B-00C04F79EFBC}") = "RcaPlugin.Tests", "tests\RcaPlugin.Tests\RcaPlugin.Tests.csproj", "{630BF6BC-0508-D5B9-8CAE-36F20AEA04E0}"
EndProject
Global
	GlobalSection(SolutionConfigurationPlatforms) = preSolution
		Debug|Any CPU = Debug|Any CPU
		Debug|x64 = Debug|x64
		Debug|x86 = Debug|x86
		Release|Any CPU = Release|Any CPU
		Release|x64 = Release|x64
		Release|x86 = Release|x86
	EndGlobalSection
	GlobalSection(ProjectConfigurationPlatforms) = postSolution
		{E1A2B3C4-D5E6-4F7A-8B9C-0D1E2F3A4B5C}.Debug|Any CPU.ActiveCfg = Debug|Any CPU
		{E1A2B3C4-D5E6-4F7A-8B9C-0D1E2F3A4B5C}.Debug|Any CPU.Build.0 = Debug|Any CPU
		{E1A2B3C4-D5E6-4F7A-8B9C-0D1E2F3A4B5C}.Debug|x64.ActiveCfg = Debug|Any CPU
		{E1A2B3C4-D5E6-4F7A-8B9C-0D1E2F3A4B5C}.Debug|x64.Build.0 = Debug|Any CPU
		{E1A2B3C4-D5E6-4F7A-8B9C-0D1E2F3A4B5C}.Debug|x86.ActiveCfg = Debug|Any CPU
		{E1A2B3C4-D5E6-4F7A-8B9C-0D1E2F3A4B5C}.Debug|x86.Build.0 = Debug|Any CPU
		{E1A2B3C4-D5E6-4F7A-8B9C-0D1E2F3A4B5C}.Release|Any CPU.ActiveCfg = Release|Any CPU
		{E1A2B3C4-D5E6-4F7A-8B9C-0D1E2F3A4B5C}.Release|Any CPU.Build.0 = Release|Any CPU
		{E1A2B3C4-D5E6-4F7A-8B9C-0D1E2F3A4B5C}.Release|x64.ActiveCfg = Release|Any CPU
		{E1A2B3C4-D5E6-4F7A-8B9C-0D1E2F3A4B5C}.Release|x64.Build.0 = Release|Any CPU
		{E1A2B3C4-D5E6-4F7A-8B9C-0D1E2F3A4B5C}.Release|x86.ActiveCfg = Release|Any CPU
		{E1A2B3C4-D5E6-4F7A-8B9C-0D1E2F3A4B5C}.Release|x86.Build.0 = Release|Any CPU
		{F2B3C4D5-E6F7-4A8B-9C0D-1E2F3A4B5C6D}.Debug|Any CPU.ActiveCfg = Debug|Any CPU
		{F2B3C4D5-E6F7-4A8B-9C0D-1E2F3A4B5C6D}.Debug|Any CPU.Build.0 = Debug|Any CPU
		{F2B3C4D5-E6F7-4A8B-9C0D-1E2F3A4B5C6D}.Debug|x64.ActiveCfg = Debug|Any CPU
		{F2B3C4D5-E6F7-4A8B-9C0D-1E2F3A4B5C6D}.Debug|x64.Build.0 = Debug|Any CPU
		{F2B3C4D5-E6F7-4A8B-9C0D-1E2F3A4B5C6D}.Debug|x86.ActiveCfg = Debug|Any CPU
		{F2B3C4D5-E6F7-4A8B-9C0D-1E2F3A4B5C6D}.Debug|x86.Build.0 = Debug|Any CPU
		{F2B3C4D5-E6F7-4A8B-9C0D-1E2F3A4B5C6D}.Release|Any CPU.ActiveCfg = Release|Any CPU
		{F2B3C4D5-E6F7-4A8B-9C0D-1E2F3A4B5C6D}.Release|Any CPU.Build.0 = Release|Any CPU
		{F2B3C4D5-E6F7-4A8B-9C0D-1E2F3A4B5C6D}.Release|x64.ActiveCfg = Release|Any CPU
		{F2B3C4D5-E6F7-4A8B-9C0D-1E2F3A4B5C6D}.Release|x64.Build.0 = Release|Any CPU
		{F2B3C4D5-E6F7-4A8B-9C0D-1E2F3A4B5C6D}.Release|x86.ActiveCfg = Release|Any CPU
		{F2B3C4D5-E6F7-4A8B-9C0D-1E2F3A4B5C6D}.Release|x86.Build.0 = Release|Any CPU
		{A3B4C5D6-E7F8-4B9C-0D1E-2F3A4B5C6D7E}.Debug|Any CPU.ActiveCfg = Debug|Any CPU
		{A3B4C5D6-E7F8-4B9C-0D1E-2F3A4B5C6D7E}.Debug|Any CPU.Build.0 = Debug|Any CPU
		{A3B4C5D6-E7F8-4B9C-0D1E-2F3A4B5C6D7E}.Debug|x64.ActiveCfg = Debug|Any CPU
		{A3B4C5D6-E7F8-4B9C-0D1E-2F3A4B5C6D7E}.Debug|x64.Build.0 = Debug|Any CPU
		{A3B4C5D6-E7F8-4B9C-0D1E-2F3A4B5C6D7E}.Debug|x86.ActiveCfg = Debug|Any CPU
		{A3B4C5D6-E7F8-4B9C-0D1E-2F3A4B5C6D7E}.Debug|x86.Build.0 = Debug|Any CPU
		{A3B4C5D6-E7F8-4B9C-0D1E-2F3A4B5C6D7E}.Release|Any CPU.ActiveCfg = Release|Any CPU
		{A3B4C5D6-E7F8-4B9C-0D1E-2F3A4B5C6D7E}.Release|Any CPU.Build.0 = Release|Any CPU
		{A3B4C5D6-E7F8-4B9C-0D1E-2F3A4B5C6D7E}.Release|x64.ActiveCfg = Release|Any CPU
		{A3B4C5D6-E7F8-4B9C-0D1E-2F3A4B5C6D7E}.Release|x64.Build.0 = Release|Any CPU
		{A3B4C5D6-E7F8-4B9C-0D1E-2F3A4B5C6D7E}.Release|x86.ActiveCfg = Release|Any CPU
		{A3B4C5D6-E7F8-4B9C-0D1E-2F3A4B5C6D7E}.Release|x86.Build.0 = Release|Any CPU
		{B4C5D6E7-F8A9-4C0D-1E2F-3A4B5C6D7E8F}.Debug|Any CPU.ActiveCfg = Debug|Any CPU
		{B4C5D6E7-F8A9-4C0D-1E2F-3A4B5C6D7E8F}.Debug|Any CPU.Build.0 = Debug|Any CPU
		{B4C5D6E7-F8A9-4C0D-1E2F-3A4B5C6D7E8F}.Debug|x64.ActiveCfg = Debug|Any CPU
		{B4C5D6E7-F8A9-4C0D-1E2F-3A4B5C6D7E8F}.Debug|x64.Build.0 = Debug|Any CPU
		{B4C5D6E7-F8A9-4C0D-1E2F-3A4B5C6D7E8F}.Debug|x86.ActiveCfg = Debug|Any CPU
		{B4C5D6E7-F8A9-4C0D-1E2F-3A4B5C6D7E8F}.Debug|x86.Build.0 = Debug|Any CPU
		{B4C5D6E7-F8A9-4C0D-1E2F-3A4B5C6D7E8F}.Release|Any CPU.ActiveCfg = Release|Any CPU
		{B4C5D6E7-F8A9-4C0D-1E2F-3A4B5C6D7E8F}.Release|Any CPU.Build.0 = Release|Any CPU
		{B4C5D6E7-F8A9-4C0D-1E2F-3A4B5C6D7E8F}.Release|x64.ActiveCfg = Release|Any CPU
		{B4C5D6E7-F8A9-4C0D-1E2F-3A4B5C6D7E8F}.Release|x64.Build.0 = Release|Any CPU
		{B4C5D6E7-F8A9-4C0D-1E2F-3A4B5C6D7E8F}.Release|x86.ActiveCfg = Release|Any CPU
		{B4C5D6E7-F8A9-4C0D-1E2F-3A4B5C6D7E8F}.Release|x86.Build.0 = Release|Any CPU
		{C5D6E7F8-A9B0-4D1E-2F3A-4B5C6D7E8F9A}.Debug|Any CPU.ActiveCfg = Debug|Any CPU
		{C5D6E7F8-A9B0-4D1E-2F3A-4B5C6D7E8F9A}.Debug|Any CPU.Build.0 = Debug|Any CPU
		{C5D6E7F8-A9B0-4D1E-2F3A-4B5C6D7E8F9A}.Debug|x64.ActiveCfg = Debug|Any CPU
		{C5D6E7F8-A9B0-4D1E-2F3A-4B5C6D7E8F9A}.Debug|x64.Build.0 = Debug|Any CPU
		{C5D6E7F8-A9B0-4D1E-2F3A-4B5C6D7E8F9A}.Debug|x86.ActiveCfg = Debug|Any CPU
		{C5D6E7F8-A9B0-4D1E-2F3A-4B5C6D7E8F9A}.Debug|x86.Build.0 = Debug|Any CPU
		{C5D6E7F8-A9B0-4D1E-2F3A-4B5C6D7E8F9A}.Release|Any CPU.ActiveCfg = Release|Any CPU
		{C5D6E7F8-A9B0-4D1E-2F3A-4B5C6D7E8F9A}.Release|Any CPU.Build.0 = Release|Any CPU
		{C5D6E7F8-A9B0-4D1E-2F3A-4B5C6D7E8F9A}.Release|x64.ActiveCfg = Release|Any CPU
		{C5D6E7F8-A9B0-4D1E-2F3A-4B5C6D7E8F9A}.Release|x64.Build.0 = Release|Any CPU
		{C5D6E7F8-A9B0-4D1E-2F3A-4B5C6D7E8F9A}.Release|x86.ActiveCfg = Release|Any CPU
		{C5D6E7F8-A9B0-4D1E-2F3A-4B5C6D7E8F9A}.Release|x86.Build.0 = Release|Any CPU
		{46F2AD57-80B5-8774-310E-E56D74D57043}.Debug|Any CPU.ActiveCfg = Debug|Any CPU
		{46F2AD57-80B5-8774-310E-E56D74D57043}.Debug|Any CPU.Build.0 = Debug|Any CPU
		{46F2AD57-80B5-8774-310E-E56D74D57043}.Debug|x64.ActiveCfg = Debug|Any CPU
		{46F2AD57-80B5-8774-310E-E56D74D57043}.Debug|x64.Build.0 = Debug|Any CPU
		{46F2AD57-80B5-8774-310E-E56D74D57043}.Debug|x86.ActiveCfg = Debug|Any CPU
		{46F2AD57-80B5-8774-310E-E56D74D57043}.Debug|x86.Build.0 = Debug|Any CPU
		{46F2AD57-80B5-8774-310E-E56D74D57043}.Release|Any CPU.ActiveCfg = Release|Any CPU
		{46F2AD57-80B5-8774-310E-E56D74D57043}.Release|Any CPU.Build.0 = Release|Any CPU
		{46F2AD57-80B5-8774-310E-E56D74D57043}.Release|x64.ActiveCfg = Release|Any CPU
		{46F2AD57-80B5-8774-310E-E56D74D57043}.Release|x64.Build.0 = Release|Any CPU
		{46F2AD57-80B5-8774-310E-E56D74D57043}.Release|x86.ActiveCfg = Release|Any CPU
		{46F2AD57-80B5-8774-310E-E56D74D57043}.Release|x86.Build.0 = Release|Any CPU
		{891BE55A-EE4C-6157-51FA-1E2759FE92DA}.Debug|Any CPU.ActiveCfg = Debug|Any CPU
		{891BE55A-EE4C-6157-51FA-1E2759FE92DA}.Debug|Any CPU.Build.0 = Debug|Any CPU
		{891BE55A-EE4C-6157-51FA-1E2759FE92DA}.Debug|x64.ActiveCfg = Debug|Any CPU
		{891BE55A-EE4C-6157-51FA-1E2759FE92DA}.Debug|x64.Build.0 = Debug|Any CPU
		{891BE55A-EE4C-6157-51FA-1E2759FE92DA}.Debug|x86.ActiveCfg = Debug|Any CPU
		{891BE55A-EE4C-6157-51FA-1E2759FE92DA}.Debug|x86.Build.0 = Debug|Any CPU
		{891BE55A-EE4C-6157-51FA-1E2759FE92DA}.Release|Any CPU.ActiveCfg = Release|Any CPU
		{891BE55A-EE4C-6157-51FA-1E2759FE92DA}.Release|Any CPU.Build.0 = Release|Any CPU
		{891BE55A-EE4C-6157-51FA-1E2759FE92DA}.Release|x64.ActiveCfg = Release|Any CPU
		{891BE55A-EE4C-6157-51FA-1E2759FE92DA}.Release|x64.Build.0 = Release|Any CPU
		{891BE55A-EE4C-6157-51FA-1E2759FE92DA}.Release|x86.ActiveCfg = Release|Any CPU
		{891BE55A-EE4C-6157-51FA-1E2759FE92DA}.Release|x86.Build.0 = Release|Any CPU
		{905CE2C9-03B8-9564-16C4-70F21D37E7F8}.Debug|Any CPU.ActiveCfg = Debug|Any CPU
		{905CE2C9-03B8-9564-16C4-70F21D37E7F8}.Debug|Any CPU.Build.0 = Debug|Any CPU
		{905CE2C9-03B8-9564-16C4-70F21D37E7F8}.Debug|x64.ActiveCfg = Debug|Any CPU
		{905CE2C9-03B8-9564-16C4-70F21D37E7F8}.Debug|x64.Build.0 = Debug|Any CPU
		{905CE2C9-03B8-9564-16C4-70F21D37E7F8}.Debug|x86.ActiveCfg = Debug|Any CPU
		{905CE2C9-03B8-9564-16C4-70F21D37E7F8}.Debug|x86.Build.0 = Debug|Any CPU
		{905CE2C9-03B8-9564-16C4-70F21D37E7F8}.Release|Any CPU.ActiveCfg = Release|Any CPU
		{905CE2C9-03B8-9564-16C4-70F21D37E7F8}.Release|Any CPU.Build.0 = Release|Any CPU
		{905CE2C9-03B8-9564-16C4-70F21D37E7F8}.Release|x64.ActiveCfg = Release|Any CPU
		{905CE2C9-03B8-9564-16C4-70F21D37E7F8}.Release|x64.Build.0 = Release|Any CPU
		{905CE2C9-03B8-9564-16C4-70F21D37E7F8}.Release|x86.ActiveCfg = Release|Any CPU
		{905CE2C9-03B8-9564-16C4-70F21D37E7F8}.Release|x86.Build.0 = Release|Any CPU
		{C033C155-6F03-7E9F-2221-512AABFDB657}.Debug|Any CPU.ActiveCfg = Debug|Any CPU
		{C033C155-6F03-7E9F-2221-512AABFDB657}.Debug|Any CPU.Build.0 = Debug|Any CPU
		{C033C155-6F03-7E9F-2221-512AABFDB657}.Debug|x64.ActiveCfg = Debug|Any CPU
		{C033C155-6F03-7E9F-2221-512AABFDB657}.Debug|x64.Build.0 = Debug|Any CPU
		{C033C155-6F03-7E9F-2221-512AABFDB657}.Debug|x86.ActiveCfg = Debug|Any CPU
		{C033C155-6F03-7E9F-2221-512AABFDB657}.Debug|x86.Build.0 = Debug|Any CPU
		{C033C155-6F03-7E9F-2221-512AABFDB657}.Release|Any CPU.ActiveCfg = Release|Any CPU
		{C033C155-6F03-7E9F-2221-512AABFDB657}.Release|Any CPU.Build.0 = Release|Any CPU
		{C033C155-6F03-7E9F-2221-512AABFDB657}.Release|x64.ActiveCfg = Release|Any CPU
		{C033C155-6F03-7E9F-2221-512AABFDB657}.Release|x64.Build.0 = Release|Any CPU
		{C033C155-6F03-7E9F-2221-512AABFDB657}.Release|x86.ActiveCfg = Release|Any CPU
		{C033C155-6F03-7E9F-2221-512AABFDB657}.Release|x86.Build.0 = Release|Any CPU
		{881AA55B-5FEC-13C6-4C39-81A27C6895DE}.Debug|Any CPU.ActiveCfg = Debug|Any CPU
		{881AA55B-5FEC-13C6-4C39-81A27C6895DE}.Debug|Any CPU.Build.0 = Debug|Any CPU
		{881AA55B-5FEC-13C6-4C39-81A27C6895DE}.Debug|x64.ActiveCfg = Debug|Any CPU
		{881AA55B-5FEC-13C6-4C39-81A27C6895DE}.Debug|x64.Build.0 = Debug|Any CPU
		{881AA55B-5FEC-13C6-4C39-81A27C6895DE}.Debug|x86.ActiveCfg = Debug|Any CPU
		{881AA55B-5FEC-13C6-4C39-81A27C6895DE}.Debug|x86.Build.0 = Debug|Any CPU
		{881AA55B-5FEC-13C6-4C39-81A27C6895DE}.Release|Any CPU.ActiveCfg = Release|Any CPU
		{881AA55B-5FEC-13C6-4C39-81A27C6895DE}.Release|Any CPU.Build.0 = Release|Any CPU
		{881AA55B-5FEC-13C6-4C39-81A27C6895DE}.Release|x64.ActiveCfg = Release|Any CPU
		{881AA55B-5FEC-13C6-4C39-81A27C6895DE}.Release|x64.Build.0 = Release|Any CPU
		{881AA55B-5FEC-13C6-4C39-81A27C6895DE}.Release|x86.ActiveCfg = Release|Any CPU
		{881AA55B-5FEC-13C6-4C39-81A27C6895DE}.Release|x86.Build.0 = Release|Any CPU
		{630BF6BC-0508-D5B9-8CAE-36F20AEA04E0}.Debug|Any CPU.ActiveCfg = Debug|Any CPU
		{630BF6BC-0508-D5B9-8CAE-36F20AEA04E0}.Debug|Any CPU.Build.0 = Debug|Any CPU
		{630BF6BC-0508-D5B9-8CAE-36F20AEA04E0}.Debug|x64.ActiveCfg = Debug|Any CPU
		{630BF6BC-0508-D5B9-8CAE-36F20AEA04E0}.Debug|x64.Build.0 = Debug|Any CPU
		{630BF6BC-0508-D5B9-8CAE-36F20AEA04E0}.Debug|x86.ActiveCfg = Debug|Any CPU
		{630BF6BC-0508-D5B9-8CAE-36F20AEA04E0}.Debug|x86.Build.0 = Debug|Any CPU
		{630BF6BC-0508-D5B9-8CAE-36F20AEA04E0}.Release|Any CPU.ActiveCfg = Release|Any CPU
		{630BF6BC-0508-D5B9-8CAE-36F20AEA04E0}.Release|Any CPU.Build.0 = Release|Any CPU
		{630BF6BC-0508-D5B9-8CAE-36F20AEA04E0}.Release|x64.ActiveCfg = Release|Any CPU
		{630BF6BC-0508-D5B9-8CAE-36F20AEA04E0}.Release|x64.Build.0 = Release|Any CPU
		{630BF6BC-0508-D5B9-8CAE-36F20AEA04E0}.Release|x86.ActiveCfg = Release|Any CPU
		{630BF6BC-0508-D5B9-8CAE-36F20AEA04E0}.Release|x86.Build.0 = Release|Any CPU
	EndGlobalSection
	GlobalSection(SolutionProperties) = preSolution
		HideSolutionNode = FALSE
	EndGlobalSection
	GlobalSection(ExtensibilityGlobals) = postSolution
		SolutionGuid = {7B9AA1B7-321D-4FFB-A0AE-95721DA963C5}
	EndGlobalSection
EndGlobal
